
Microsoft Visual Studio Solution File, Format Version 12.00
# Visual Studio Version 16
VisualStudioVersion = 16.0.30611.23
MinimumVisualStudioVersion = 10.0.40219.1
Project("{9A19103F-16F7-4668-BE54-9A1E7A4F7556}") = "blazorserver-calls-MS-graph", "blazorserver-calls-MS-graph\blazorserver-calls-MS-graph.csproj", "{779FE6FD-B1AD-4CFC-927D-592851166752}"
EndProject
Global
	GlobalSection(SolutionConfigurationPlatforms) = preSolution
		Debug|Any CPU = Debug|Any CPU
		Release|Any CPU = Release|Any CPU
	EndGlobalSection
	GlobalSection(ProjectConfigurationPlatforms) = postSolution
		{779FE6FD-B1AD-4CFC-927D-592851166752}.Debug|Any CPU.ActiveCfg = Debug|Any CPU
		{779FE6FD-B1AD-4CFC-927D-592851166752}.Debug|Any CPU.Build.0 = Debug|Any CPU
		{779FE6FD-B1AD-4CFC-927D-592851166752}.Release|Any CPU.ActiveCfg = Release|Any CPU
		{779FE6FD-B1AD-4CFC-927D-592851166752}.Release|Any CPU.Build.0 = Release|Any CPU
	EndGlobalSection
	GlobalSection(SolutionProperties) = preSolution
		HideSolutionNode = FALSE
	EndGlobalSection
	GlobalSection(ExtensibilityGlobals) = postSolution
		SolutionGuid = {44AB1D4B-8B10-45BC-8CCF-65B55A808523}
	EndGlobalSection
EndGlobal
