
Microsoft Visual Studio Solution File, Format Version 12.00
# Visual Studio Version 17
VisualStudioVersion = 17.1.32414.318
MinimumVisualStudioVersion = 10.0.40219.1
Project("{9A19103F-16F7-4668-BE54-9A1E7A4F7556}") = "ms-identity-dotnet-blazor-azure-sql", "Client\ms-identity-dotnet-blazor-azure-sql.csproj", "{332801D1-882F-4E98-A14D-4A911363C960}"
EndProject
Global
	GlobalSection(SolutionConfigurationPlatforms) = preSolution
		Debug|Any CPU = Debug|Any CPU
		Release|Any CPU = Release|Any CPU
	EndGlobalSection
	GlobalSection(ProjectConfigurationPlatforms) = postSolution
		{332801D1-882F-4E98-A14D-4A911363C960}.Debug|Any CPU.ActiveCfg = Debug|Any CPU
		{332801D1-882F-4E98-A14D-4A911363C960}.Debug|Any CPU.Build.0 = Debug|Any CPU
		{332801D1-882F-4E98-A14D-4A911363C960}.Release|Any CPU.ActiveCfg = Release|Any CPU
		{332801D1-882F-4E98-A14D-4A911363C960}.Release|Any CPU.Build.0 = Release|Any CPU
	EndGlobalSection
	GlobalSection(SolutionProperties) = preSolution
		HideSolutionNode = FALSE
	EndGlobalSection
	GlobalSection(ExtensibilityGlobals) = postSolution
		SolutionGuid = {3EF2D82D-DAC3-43EE-B776-B103A20D4EF3}
	EndGlobalSection
EndGlobal
